
Microsoft Visual Studio Solution File, Format Version 12.00
# Visual Studio Version 17
VisualStudioVersion = 17.11.35312.102
MinimumVisualStudioVersion = 10.0.40219.1
Project("{888888A0-9F3D-457C-B088-3A5042F75D52}") = "Python1009", "Python1009\Python1009.pyproj", "{CDC6B045-A9CF-4FF3-AB7D-FEAD51CEBAD0}"
EndProject
Global
	GlobalSection(SolutionConfigurationPlatforms) = preSolution
		Debug|Any CPU = Debug|Any CPU
		Release|Any CPU = Release|Any CPU
	EndGlobalSection
	GlobalSection(ProjectConfigurationPlatforms) = postSolution
		{CDC6B045-A9CF-4FF3-AB7D-FEAD51CEBAD0}.Debug|Any CPU.ActiveCfg = Debug|Any CPU
		{CDC6B045-A9CF-4FF3-AB7D-FEAD51CEBAD0}.Release|Any CPU.ActiveCfg = Release|Any CPU
	EndGlobalSection
	GlobalSection(SolutionProperties) = preSolution
		HideSolutionNode = FALSE
	EndGlobalSection
	GlobalSection(ExtensibilityGlobals) = postSolution
		SolutionGuid = {D5719CAE-ED32-4D82-A43B-7D0B7ECFE71B}
	EndGlobalSection
EndGlobal
