
Microsoft Visual Studio Solution File, Format Version 12.00
# Visual Studio Version 17
VisualStudioVersion = 17.11.35312.102
MinimumVisualStudioVersion = 10.0.40219.1
Project("{888888A0-9F3D-457C-B088-3A5042F75D52}") = "Python007", "Python007\Python007.pyproj", "{DB9A0EB2-E8AC-478B-8DFB-22D8EAD3C558}"
EndProject
Global
	GlobalSection(SolutionConfigurationPlatforms) = preSolution
		Debug|Any CPU = Debug|Any CPU
		Release|Any CPU = Release|Any CPU
	EndGlobalSection
	GlobalSection(ProjectConfigurationPlatforms) = postSolution
		{DB9A0EB2-E8AC-478B-8DFB-22D8EAD3C558}.Debug|Any CPU.ActiveCfg = Debug|Any CPU
		{DB9A0EB2-E8AC-478B-8DFB-22D8EAD3C558}.Release|Any CPU.ActiveCfg = Release|Any CPU
	EndGlobalSection
	GlobalSection(SolutionProperties) = preSolution
		HideSolutionNode = FALSE
	EndGlobalSection
	GlobalSection(ExtensibilityGlobals) = postSolution
		SolutionGuid = {F4DB1426-872E-4CC8-BA07-91E6859F87EE}
	EndGlobalSection
EndGlobal
