
Microsoft Visual Studio Solution File, Format Version 12.00
# Visual Studio Version 17
VisualStudioVersion = 17.11.35312.102
MinimumVisualStudioVersion = 10.0.40219.1
Project("{888888A0-9F3D-457C-B088-3A5042F75D52}") = "Python1125", "Python1125\Python1125.pyproj", "{14F76C12-D9F0-49B6-8DF9-272D51DF47E7}"
EndProject
Global
	GlobalSection(SolutionConfigurationPlatforms) = preSolution
		Debug|Any CPU = Debug|Any CPU
		Release|Any CPU = Release|Any CPU
	EndGlobalSection
	GlobalSection(ProjectConfigurationPlatforms) = postSolution
		{14F76C12-D9F0-49B6-8DF9-272D51DF47E7}.Debug|Any CPU.ActiveCfg = Debug|Any CPU
		{14F76C12-D9F0-49B6-8DF9-272D51DF47E7}.Release|Any CPU.ActiveCfg = Release|Any CPU
	EndGlobalSection
	GlobalSection(SolutionProperties) = preSolution
		HideSolutionNode = FALSE
	EndGlobalSection
	GlobalSection(ExtensibilityGlobals) = postSolution
		SolutionGuid = {296ED1C3-16E8-4263-A3CE-D0CD9BDD5CFB}
	EndGlobalSection
EndGlobal
